
Microsoft Visual Studio Solution File, Format Version 12.00
# Visual Studio 15
VisualStudioVersion = 15.0.28010.2046
MinimumVisualStudioVersion = 10.0.40219.1
Project("{8BC9CEB8-8B4A-11D0-8D11-00A0C91BC942}") = "第6章「ファイルの入出力」", "第6章「ファイルの入出力」\第6章「ファイルの入出力」.vcxproj", "{A6EA262E-B65D-40D7-971D-74F77D42F30A}"
EndProject
Global
	GlobalSection(SolutionConfigurationPlatforms) = preSolution
		Debug|x64 = Debug|x64
		Debug|x86 = Debug|x86
		Release|x64 = Release|x64
		Release|x86 = Release|x86
	EndGlobalSection
	GlobalSection(ProjectConfigurationPlatforms) = postSolution
		{A6EA262E-B65D-40D7-971D-74F77D42F30A}.Debug|x64.ActiveCfg = Debug|x64
		{A6EA262E-B65D-40D7-971D-74F77D42F30A}.Debug|x64.Build.0 = Debug|x64
		{A6EA262E-B65D-40D7-971D-74F77D42F30A}.Debug|x86.ActiveCfg = Debug|Win32
		{A6EA262E-B65D-40D7-971D-74F77D42F30A}.Debug|x86.Build.0 = Debug|Win32
		{A6EA262E-B65D-40D7-971D-74F77D42F30A}.Release|x64.ActiveCfg = Release|x64
		{A6EA262E-B65D-40D7-971D-74F77D42F30A}.Release|x64.Build.0 = Release|x64
		{A6EA262E-B65D-40D7-971D-74F77D42F30A}.Release|x86.ActiveCfg = Release|Win32
		{A6EA262E-B65D-40D7-971D-74F77D42F30A}.Release|x86.Build.0 = Release|Win32
	EndGlobalSection
	GlobalSection(SolutionProperties) = preSolution
		HideSolutionNode = FALSE
	EndGlobalSection
	GlobalSection(ExtensibilityGlobals) = postSolution
		SolutionGuid = {29AA2209-6557-4FAB-AC29-5C405F001836}
	EndGlobalSection
EndGlobal
